
Microsoft Visual Studio Solution File, Format Version 12.00
# Visual Studio 15
VisualStudioVersion = 15.0.26228.4
MinimumVisualStudioVersion = 10.0.40219.1
Project("{FAE04EC0-301F-11D3-BF4B-00C04F79EFBC}") = "iTextSharp_Optimize", "iTextSharp_Optimize\iTextSharp_Optimize.csproj", "{EA33E69E-40BC-4E47-AC80-03568DA19BB2}"
EndProject
Project("{FAE04EC0-301F-11D3-BF4B-00C04F79EFBC}") = "Rotativa_WKHtml", "Rotativa_WKHtml\Rotativa_WKHtml.csproj", "{32566E22-5987-40D5-9ED5-91E8A3EDEDFA}"
EndProject
Project("{FAE04EC0-301F-11D3-BF4B-00C04F79EFBC}") = "PrintJs_JavaScript", "PrintJs_JavaScript\PrintJs_JavaScript.csproj", "{C8B93A87-599E-477B-A8D8-1C4EAD6FB391}"
EndProject
Project("{FAE04EC0-301F-11D3-BF4B-00C04F79EFBC}") = "JsPDF", "JsPDF\JsPDF.csproj", "{59F469C7-C927-4887-8E7A-80017520678E}"
EndProject
Project("{FAE04EC0-301F-11D3-BF4B-00C04F79EFBC}") = "PdfReport_Iran", "PdfReport_Iran\PdfReport_Iran.csproj", "{65893232-353A-4458-A01F-13035C10D042}"
EndProject
Project("{2150E333-8FDC-42A3-9474-1A3956D46DE8}") = "PdfReport", "PdfReport", "{844C9B06-CD2D-4DD7-979E-381897528C09}"
EndProject
Project("{2150E333-8FDC-42A3-9474-1A3956D46DE8}") = "Base Classes", "Base Classes", "{A5FC4837-1B57-4D62-B741-53D7DF8D7A31}"
EndProject
Project("{FAE04EC0-301F-11D3-BF4B-00C04F79EFBC}") = "Samples", "Samples\Samples.csproj", "{33B6848A-0D31-4505-A7B3-551D452BC4BD}"
EndProject
Project("{FAE04EC0-301F-11D3-BF4B-00C04F79EFBC}") = "Deleted", "Deleted\Deleted.csproj", "{CF8EF7E7-B462-4532-BF97-7E224230D40C}"
EndProject
Global
	GlobalSection(SolutionConfigurationPlatforms) = preSolution
		Debug|Any CPU = Debug|Any CPU
		Debug|x86 = Debug|x86
		Release|Any CPU = Release|Any CPU
		Release|x86 = Release|x86
	EndGlobalSection
	GlobalSection(ProjectConfigurationPlatforms) = postSolution
		{EA33E69E-40BC-4E47-AC80-03568DA19BB2}.Debug|Any CPU.ActiveCfg = Debug|Any CPU
		{EA33E69E-40BC-4E47-AC80-03568DA19BB2}.Debug|Any CPU.Build.0 = Debug|Any CPU
		{EA33E69E-40BC-4E47-AC80-03568DA19BB2}.Debug|x86.ActiveCfg = Debug|Any CPU
		{EA33E69E-40BC-4E47-AC80-03568DA19BB2}.Debug|x86.Build.0 = Debug|Any CPU
		{EA33E69E-40BC-4E47-AC80-03568DA19BB2}.Release|Any CPU.ActiveCfg = Release|Any CPU
		{EA33E69E-40BC-4E47-AC80-03568DA19BB2}.Release|Any CPU.Build.0 = Release|Any CPU
		{EA33E69E-40BC-4E47-AC80-03568DA19BB2}.Release|x86.ActiveCfg = Release|Any CPU
		{EA33E69E-40BC-4E47-AC80-03568DA19BB2}.Release|x86.Build.0 = Release|Any CPU
		{32566E22-5987-40D5-9ED5-91E8A3EDEDFA}.Debug|Any CPU.ActiveCfg = Debug|Any CPU
		{32566E22-5987-40D5-9ED5-91E8A3EDEDFA}.Debug|Any CPU.Build.0 = Debug|Any CPU
		{32566E22-5987-40D5-9ED5-91E8A3EDEDFA}.Debug|x86.ActiveCfg = Debug|Any CPU
		{32566E22-5987-40D5-9ED5-91E8A3EDEDFA}.Debug|x86.Build.0 = Debug|Any CPU
		{32566E22-5987-40D5-9ED5-91E8A3EDEDFA}.Release|Any CPU.ActiveCfg = Release|Any CPU
		{32566E22-5987-40D5-9ED5-91E8A3EDEDFA}.Release|Any CPU.Build.0 = Release|Any CPU
		{32566E22-5987-40D5-9ED5-91E8A3EDEDFA}.Release|x86.ActiveCfg = Release|Any CPU
		{32566E22-5987-40D5-9ED5-91E8A3EDEDFA}.Release|x86.Build.0 = Release|Any CPU
		{C8B93A87-599E-477B-A8D8-1C4EAD6FB391}.Debug|Any CPU.ActiveCfg = Debug|Any CPU
		{C8B93A87-599E-477B-A8D8-1C4EAD6FB391}.Debug|Any CPU.Build.0 = Debug|Any CPU
		{C8B93A87-599E-477B-A8D8-1C4EAD6FB391}.Debug|x86.ActiveCfg = Debug|Any CPU
		{C8B93A87-599E-477B-A8D8-1C4EAD6FB391}.Debug|x86.Build.0 = Debug|Any CPU
		{C8B93A87-599E-477B-A8D8-1C4EAD6FB391}.Release|Any CPU.ActiveCfg = Release|Any CPU
		{C8B93A87-599E-477B-A8D8-1C4EAD6FB391}.Release|Any CPU.Build.0 = Release|Any CPU
		{C8B93A87-599E-477B-A8D8-1C4EAD6FB391}.Release|x86.ActiveCfg = Release|Any CPU
		{C8B93A87-599E-477B-A8D8-1C4EAD6FB391}.Release|x86.Build.0 = Release|Any CPU
		{59F469C7-C927-4887-8E7A-80017520678E}.Debug|Any CPU.ActiveCfg = Debug|Any CPU
		{59F469C7-C927-4887-8E7A-80017520678E}.Debug|Any CPU.Build.0 = Debug|Any CPU
		{59F469C7-C927-4887-8E7A-80017520678E}.Debug|x86.ActiveCfg = Debug|Any CPU
		{59F469C7-C927-4887-8E7A-80017520678E}.Debug|x86.Build.0 = Debug|Any CPU
		{59F469C7-C927-4887-8E7A-80017520678E}.Release|Any CPU.ActiveCfg = Release|Any CPU
		{59F469C7-C927-4887-8E7A-80017520678E}.Release|Any CPU.Build.0 = Release|Any CPU
		{59F469C7-C927-4887-8E7A-80017520678E}.Release|x86.ActiveCfg = Release|Any CPU
		{59F469C7-C927-4887-8E7A-80017520678E}.Release|x86.Build.0 = Release|Any CPU
		{65893232-353A-4458-A01F-13035C10D042}.Debug|Any CPU.ActiveCfg = Debug|Any CPU
		{65893232-353A-4458-A01F-13035C10D042}.Debug|Any CPU.Build.0 = Debug|Any CPU
		{65893232-353A-4458-A01F-13035C10D042}.Debug|x86.ActiveCfg = Debug|Any CPU
		{65893232-353A-4458-A01F-13035C10D042}.Debug|x86.Build.0 = Debug|Any CPU
		{65893232-353A-4458-A01F-13035C10D042}.Release|Any CPU.ActiveCfg = Release|Any CPU
		{65893232-353A-4458-A01F-13035C10D042}.Release|Any CPU.Build.0 = Release|Any CPU
		{65893232-353A-4458-A01F-13035C10D042}.Release|x86.ActiveCfg = Release|Any CPU
		{65893232-353A-4458-A01F-13035C10D042}.Release|x86.Build.0 = Release|Any CPU
		{33B6848A-0D31-4505-A7B3-551D452BC4BD}.Debug|Any CPU.ActiveCfg = Debug|Any CPU
		{33B6848A-0D31-4505-A7B3-551D452BC4BD}.Debug|Any CPU.Build.0 = Debug|Any CPU
		{33B6848A-0D31-4505-A7B3-551D452BC4BD}.Debug|x86.ActiveCfg = Debug|Any CPU
		{33B6848A-0D31-4505-A7B3-551D452BC4BD}.Debug|x86.Build.0 = Debug|Any CPU
		{33B6848A-0D31-4505-A7B3-551D452BC4BD}.Release|Any CPU.ActiveCfg = Release|Any CPU
		{33B6848A-0D31-4505-A7B3-551D452BC4BD}.Release|Any CPU.Build.0 = Release|Any CPU
		{33B6848A-0D31-4505-A7B3-551D452BC4BD}.Release|x86.ActiveCfg = Release|Any CPU
		{33B6848A-0D31-4505-A7B3-551D452BC4BD}.Release|x86.Build.0 = Release|Any CPU
		{CF8EF7E7-B462-4532-BF97-7E224230D40C}.Debug|Any CPU.ActiveCfg = Debug|Any CPU
		{CF8EF7E7-B462-4532-BF97-7E224230D40C}.Debug|Any CPU.Build.0 = Debug|Any CPU
		{CF8EF7E7-B462-4532-BF97-7E224230D40C}.Debug|x86.ActiveCfg = Debug|Any CPU
		{CF8EF7E7-B462-4532-BF97-7E224230D40C}.Debug|x86.Build.0 = Debug|Any CPU
		{CF8EF7E7-B462-4532-BF97-7E224230D40C}.Release|Any CPU.ActiveCfg = Release|Any CPU
		{CF8EF7E7-B462-4532-BF97-7E224230D40C}.Release|Any CPU.Build.0 = Release|Any CPU
		{CF8EF7E7-B462-4532-BF97-7E224230D40C}.Release|x86.ActiveCfg = Release|Any CPU
		{CF8EF7E7-B462-4532-BF97-7E224230D40C}.Release|x86.Build.0 = Release|Any CPU
	EndGlobalSection
	GlobalSection(SolutionProperties) = preSolution
		HideSolutionNode = FALSE
	EndGlobalSection
	GlobalSection(NestedProjects) = preSolution
		{A5FC4837-1B57-4D62-B741-53D7DF8D7A31} = {844C9B06-CD2D-4DD7-979E-381897528C09}
		{33B6848A-0D31-4505-A7B3-551D452BC4BD} = {A5FC4837-1B57-4D62-B741-53D7DF8D7A31}
	EndGlobalSection
EndGlobal
